
Microsoft Visual Studio Solution File, Format Version 12.00
# Visual Studio Version 17
VisualStudioVersion = 17.9.34728.123
MinimumVisualStudioVersion = 10.0.40219.1
Project("{FAE04EC0-301F-11D3-BF4B-00C04F79EFBC}") = "EC44-Tool", "EC44-Tool\EC44-Tool.csproj", "{A726C45D-7965-42E1-A48F-4E46B7B4D3E6}"
EndProject
Global
	GlobalSection(SolutionConfigurationPlatforms) = preSolution
		Debug|Any CPU = Debug|Any CPU
		Release|Any CPU = Release|Any CPU
	EndGlobalSection
	GlobalSection(ProjectConfigurationPlatforms) = postSolution
		{A726C45D-7965-42E1-A48F-4E46B7B4D3E6}.Debug|Any CPU.ActiveCfg = Debug|Any CPU
		{A726C45D-7965-42E1-A48F-4E46B7B4D3E6}.Debug|Any CPU.Build.0 = Debug|Any CPU
		{A726C45D-7965-42E1-A48F-4E46B7B4D3E6}.Release|Any CPU.ActiveCfg = Release|Any CPU
		{A726C45D-7965-42E1-A48F-4E46B7B4D3E6}.Release|Any CPU.Build.0 = Release|Any CPU
	EndGlobalSection
	GlobalSection(SolutionProperties) = preSolution
		HideSolutionNode = FALSE
	EndGlobalSection
	GlobalSection(ExtensibilityGlobals) = postSolution
		SolutionGuid = {0DAA1796-6BCD-4D4A-A23E-2F2082F17274}
	EndGlobalSection
EndGlobal
